
Microsoft Visual Studio Solution File, Format Version 12.00
# Visual Studio Version 17
VisualStudioVersion = 17.5.002.0
MinimumVisualStudioVersion = 10.0.40219.1
Project("{9A19103F-16F7-4668-BE54-9A1E7A4F7556}") = "GroupCYOA", "GroupCYOA.csproj", "{FBDB472A-63AD-4528-9405-B0965D3293D1}"
EndProject
Global
	GlobalSection(SolutionConfigurationPlatforms) = preSolution
		Debug|Any CPU = Debug|Any CPU
		Release|Any CPU = Release|Any CPU
	EndGlobalSection
	GlobalSection(ProjectConfigurationPlatforms) = postSolution
		{FBDB472A-63AD-4528-9405-B0965D3293D1}.Debug|Any CPU.ActiveCfg = Debug|Any CPU
		{FBDB472A-63AD-4528-9405-B0965D3293D1}.Debug|Any CPU.Build.0 = Debug|Any CPU
		{FBDB472A-63AD-4528-9405-B0965D3293D1}.Release|Any CPU.ActiveCfg = Release|Any CPU
		{FBDB472A-63AD-4528-9405-B0965D3293D1}.Release|Any CPU.Build.0 = Release|Any CPU
	EndGlobalSection
	GlobalSection(SolutionProperties) = preSolution
		HideSolutionNode = FALSE
	EndGlobalSection
	GlobalSection(ExtensibilityGlobals) = postSolution
		SolutionGuid = {8BC2BA95-6BBE-4935-9907-148BC84564B9}
	EndGlobalSection
EndGlobal
